
Microsoft Visual Studio Solution File, Format Version 12.00
# Visual Studio 15
VisualStudioVersion = 15.0.27703.2026
MinimumVisualStudioVersion = 10.0.40219.1
Project("{FAE04EC0-301F-11D3-BF4B-00C04F79EFBC}") = "BarrenFarmland", "BarrenFarmland\BarrenFarmland.csproj", "{06073B96-5D3D-453F-9880-FEDECCCFC42D}"
EndProject
Project("{FAE04EC0-301F-11D3-BF4B-00C04F79EFBC}") = "BarrenFarmlandTests", "BarrenFarmlandTests\BarrenFarmlandTests.csproj", "{301B2CCA-4431-47DF-8993-7A0164D02139}"
EndProject
Global
	GlobalSection(SolutionConfigurationPlatforms) = preSolution
		Debug|Any CPU = Debug|Any CPU
		Release|Any CPU = Release|Any CPU
	EndGlobalSection
	GlobalSection(ProjectConfigurationPlatforms) = postSolution
		{06073B96-5D3D-453F-9880-FEDECCCFC42D}.Debug|Any CPU.ActiveCfg = Debug|Any CPU
		{06073B96-5D3D-453F-9880-FEDECCCFC42D}.Debug|Any CPU.Build.0 = Debug|Any CPU
		{06073B96-5D3D-453F-9880-FEDECCCFC42D}.Release|Any CPU.ActiveCfg = Release|Any CPU
		{06073B96-5D3D-453F-9880-FEDECCCFC42D}.Release|Any CPU.Build.0 = Release|Any CPU
		{301B2CCA-4431-47DF-8993-7A0164D02139}.Debug|Any CPU.ActiveCfg = Debug|Any CPU
		{301B2CCA-4431-47DF-8993-7A0164D02139}.Debug|Any CPU.Build.0 = Debug|Any CPU
		{301B2CCA-4431-47DF-8993-7A0164D02139}.Release|Any CPU.ActiveCfg = Release|Any CPU
		{301B2CCA-4431-47DF-8993-7A0164D02139}.Release|Any CPU.Build.0 = Release|Any CPU
	EndGlobalSection
	GlobalSection(SolutionProperties) = preSolution
		HideSolutionNode = FALSE
	EndGlobalSection
	GlobalSection(ExtensibilityGlobals) = postSolution
		SolutionGuid = {45E6D815-24B7-4215-9662-EC17302B7598}
	EndGlobalSection
EndGlobal
